
Microsoft Visual Studio Solution File, Format Version 12.00
# Visual Studio Version 17
VisualStudioVersion = 17.10.35013.160
MinimumVisualStudioVersion = 10.0.40219.1
Project("{8BC9CEB8-8B4A-11D0-8D11-00A0C91BC942}") = "Day 2", "Day 2\Day 2.vcxproj", "{D61ABB7F-7DDB-4216-9F1F-2FB14F07AA3B}"
EndProject
Global
	GlobalSection(SolutionConfigurationPlatforms) = preSolution
		Debug|x64 = Debug|x64
		Debug|x86 = Debug|x86
		Release|x64 = Release|x64
		Release|x86 = Release|x86
	EndGlobalSection
	GlobalSection(ProjectConfigurationPlatforms) = postSolution
		{D61ABB7F-7DDB-4216-9F1F-2FB14F07AA3B}.Debug|x64.ActiveCfg = Debug|x64
		{D61ABB7F-7DDB-4216-9F1F-2FB14F07AA3B}.Debug|x64.Build.0 = Debug|x64
		{D61ABB7F-7DDB-4216-9F1F-2FB14F07AA3B}.Debug|x86.ActiveCfg = Debug|Win32
		{D61ABB7F-7DDB-4216-9F1F-2FB14F07AA3B}.Debug|x86.Build.0 = Debug|Win32
		{D61ABB7F-7DDB-4216-9F1F-2FB14F07AA3B}.Release|x64.ActiveCfg = Release|x64
		{D61ABB7F-7DDB-4216-9F1F-2FB14F07AA3B}.Release|x64.Build.0 = Release|x64
		{D61ABB7F-7DDB-4216-9F1F-2FB14F07AA3B}.Release|x86.ActiveCfg = Release|Win32
		{D61ABB7F-7DDB-4216-9F1F-2FB14F07AA3B}.Release|x86.Build.0 = Release|Win32
	EndGlobalSection
	GlobalSection(SolutionProperties) = preSolution
		HideSolutionNode = FALSE
	EndGlobalSection
	GlobalSection(ExtensibilityGlobals) = postSolution
		SolutionGuid = {A781DB2A-3975-444B-B33A-80F4EC7EB091}
	EndGlobalSection
EndGlobal
